# This file is automatically @generated by Cargo.
# It is not intended for manual editing.
version = 3

[[package]]
name = "ironfleet"
version = "0.1.0"

[[package]]
name = "ironfleet-fuzz"
version = "0.0.0"
dependencies = [
 "ironfleet",
 "libfuzzer-sys",
]

[[package]]
name = "libfuzzer-sys"
version = "0.4.9"
